---
- id: snykio:pypi:recommender-xblock:536092
  title: Cross-site Scripting (XSS)
  description: |
    [recommender-xblock][1] is a package to handle lists of recommended
    resources for a given problem.

    Affected versions of this package are vulnerable to Cross-site Scripting
    (XSS) via `resourcebox.html`



    [1]: https://pypi.org/project/recommender-xblock
  affected_package: recommender-xblock
  vulnerable_versions:
  - "< 1.3.1"
  severity: medium
  package_manager: pypi
  cve:
  - CVE-2018-20858
  cwe:
  - CWE-79
  disclosed_date: 2019-08-09
  created_date: 2019-11-26
  last_modified_date: 2019-11-26
  credit:
  - Unknown
  references:
  - https://github.com/edx/RecommenderXBlock/pull/2
  - https://groups.google.com/forum/#!topic/openedx-announce/SF8Sn6MuUTg
  - https://nvd.nist.gov/vuln/detail/CVE-2018-20858
  source_url: https://snyk.io/vuln/SNYK-PYTHON-RECOMMENDERXBLOCK-536092
